
Microsoft Visual Studio Solution File, Format Version 10.00
# Visual Studio 2008
Project("{8BC9CEB8-8B4A-11D0-8D11-00A0C91BC942}") = "Common", "..\Common\Project\Common.vcproj", "{7A74E8A7-8DFE-4B23-B488-49B1B95F0922}"
EndProject
Project("{8BC9CEB8-8B4A-11D0-8D11-00A0C91BC942}") = "Lua", "..\Lua\Project\Lua.vcproj", "{819B39EE-4EF4-4A55-9AFD-29B45FA067CE}"
EndProject
Project("{8BC9CEB8-8B4A-11D0-8D11-00A0C91BC942}") = "Framework", "..\Framework\Project\Framework.vcproj", "{E01E4ED2-32E9-4A01-A855-5F506BFCBE06}"
EndProject
Project("{8BC9CEB8-8B4A-11D0-8D11-00A0C91BC942}") = "Http", "..\Http\Project\Http.vcproj", "{920C3BCA-4F89-42FC-A1FF-728A76B2C370}"
EndProject
Project("{8BC9CEB8-8B4A-11D0-8D11-00A0C91BC942}") = "Test", "..\Test\Test.vcproj", "{1DBB0BC1-D926-4F2E-AC04-119B33205F07}"
EndProject
Project("{8BC9CEB8-8B4A-11D0-8D11-00A0C91BC942}") = "Log", "..\Log\Project\Log.vcproj", "{7498F199-C73D-4485-98AF-8EA635FB1AF5}"
EndProject
Project("{8BC9CEB8-8B4A-11D0-8D11-00A0C91BC942}") = "MySQL", "..\MySQL\Project\MySQL.vcproj", "{14B06AB3-742E-4569-A1FF-B6C48C922290}"
EndProject
Global
	GlobalSection(SolutionConfigurationPlatforms) = preSolution
		Debug|Win32 = Debug|Win32
		Release|Win32 = Release|Win32
	EndGlobalSection
	GlobalSection(ProjectConfigurationPlatforms) = postSolution
		{7A74E8A7-8DFE-4B23-B488-49B1B95F0922}.Debug|Win32.ActiveCfg = Debug|Win32
		{7A74E8A7-8DFE-4B23-B488-49B1B95F0922}.Debug|Win32.Build.0 = Debug|Win32
		{7A74E8A7-8DFE-4B23-B488-49B1B95F0922}.Release|Win32.ActiveCfg = Release|Win32
		{7A74E8A7-8DFE-4B23-B488-49B1B95F0922}.Release|Win32.Build.0 = Release|Win32
		{819B39EE-4EF4-4A55-9AFD-29B45FA067CE}.Debug|Win32.ActiveCfg = Debug|Win32
		{819B39EE-4EF4-4A55-9AFD-29B45FA067CE}.Debug|Win32.Build.0 = Debug|Win32
		{819B39EE-4EF4-4A55-9AFD-29B45FA067CE}.Release|Win32.ActiveCfg = Release|Win32
		{819B39EE-4EF4-4A55-9AFD-29B45FA067CE}.Release|Win32.Build.0 = Release|Win32
		{E01E4ED2-32E9-4A01-A855-5F506BFCBE06}.Debug|Win32.ActiveCfg = Debug|Win32
		{E01E4ED2-32E9-4A01-A855-5F506BFCBE06}.Debug|Win32.Build.0 = Debug|Win32
		{E01E4ED2-32E9-4A01-A855-5F506BFCBE06}.Release|Win32.ActiveCfg = Release|Win32
		{E01E4ED2-32E9-4A01-A855-5F506BFCBE06}.Release|Win32.Build.0 = Release|Win32
		{920C3BCA-4F89-42FC-A1FF-728A76B2C370}.Debug|Win32.ActiveCfg = Debug|Win32
		{920C3BCA-4F89-42FC-A1FF-728A76B2C370}.Debug|Win32.Build.0 = Debug|Win32
		{920C3BCA-4F89-42FC-A1FF-728A76B2C370}.Release|Win32.ActiveCfg = Release|Win32
		{920C3BCA-4F89-42FC-A1FF-728A76B2C370}.Release|Win32.Build.0 = Release|Win32
		{1DBB0BC1-D926-4F2E-AC04-119B33205F07}.Debug|Win32.ActiveCfg = Debug|Win32
		{1DBB0BC1-D926-4F2E-AC04-119B33205F07}.Debug|Win32.Build.0 = Debug|Win32
		{1DBB0BC1-D926-4F2E-AC04-119B33205F07}.Release|Win32.ActiveCfg = Release|Win32
		{1DBB0BC1-D926-4F2E-AC04-119B33205F07}.Release|Win32.Build.0 = Release|Win32
		{7498F199-C73D-4485-98AF-8EA635FB1AF5}.Debug|Win32.ActiveCfg = Debug|Win32
		{7498F199-C73D-4485-98AF-8EA635FB1AF5}.Debug|Win32.Build.0 = Debug|Win32
		{7498F199-C73D-4485-98AF-8EA635FB1AF5}.Release|Win32.ActiveCfg = Release|Win32
		{7498F199-C73D-4485-98AF-8EA635FB1AF5}.Release|Win32.Build.0 = Release|Win32
		{14B06AB3-742E-4569-A1FF-B6C48C922290}.Debug|Win32.ActiveCfg = Debug|Win32
		{14B06AB3-742E-4569-A1FF-B6C48C922290}.Debug|Win32.Build.0 = Debug|Win32
		{14B06AB3-742E-4569-A1FF-B6C48C922290}.Release|Win32.ActiveCfg = Release|Win32
		{14B06AB3-742E-4569-A1FF-B6C48C922290}.Release|Win32.Build.0 = Release|Win32
	EndGlobalSection
	GlobalSection(SolutionProperties) = preSolution
		HideSolutionNode = FALSE
	EndGlobalSection
EndGlobal
